github.com/umvgc/Parameter v0.0.0-20220613104026-9409967a74a7 h1:3DwlddEBZPrcaaC5GwAjc7ZK7cRqE3m9DR6tnIK3BhQ=
github.com/umvgc/Parameter v0.0.0-20220613104026-9409967a74a7/go.mod h1:0L06te2w/Yo9V5bvq4V7cfxVylUEKzNBxSfEgeiJJG8=
github.com/umvgc/Parameter v0.0.0-20220613110138-4ae42ea44c4d h1:YBc25yOS0TAi0Mz22ub45Be21Wd/CL0u+DFuym/PcC0=
github.com/umvgc/Parameter v0.0.0-20220613110138-4ae42ea44c4d/go.mod h1:0L06te2w/Yo9V5bvq4V7cfxVylUEKzNBxSfEgeiJJG8=
github.com/umvgc/Parameter v1.0.0 h1:dT/kUruKPhRQt7EOq5+FSVBwH247YXf/zRf+RwKGvAs=
github.com/umvgc/Parameter v1.0.0/go.mod h1:0L06te2w/Yo9V5bvq4V7cfxVylUEKzNBxSfEgeiJJG8=
github.com/umvgc/Parameter v1.1.1 h1:aQc8u1PrgJ0giqfX11EcoYc3RpRM58iOQB+lTP9E4bc=
github.com/umvgc/Parameter v1.1.1/go.mod h1:cHt31l4RsTAnx6gcbhVxFJA+yJOe2qAb3b+ZVvyPK8Q=
github.com/umvgc/Parameter/v2 v2.0.0 h1:CNzT7XHVDWd/Ny5GjF3QQZ5ASrkF7sNasJxN0TNvGic=
github.com/umvgc/Parameter/v2 v2.0.0/go.mod h1:wXux76JwNxwKYTTEu1KjxjjVXt3L6tTQ6hV7AVIPGsw=
